// !$*UTF8*$!
{
	archiveVersion = 1;
	classes = {
	};
	objectVersion = 77;
	objects = {

/* Begin PBXContainerItemProxy section */
		CCF1E9712DB6E9FA00DCDE85 /* PBXContainerItemProxy */ = {
			isa = PBXContainerItemProxy;
			containerPortal = CCF1E95B2DB6E9F900DCDE85 /* Project object */;
			proxyType = 1;
			remoteGlobalIDString = CCF1E9622DB6E9F900DCDE85;
			remoteInfo = PersonalBudgetManager;
		};
		CCF1E97B2DB6E9FA00DCDE85 /* PBXContainerItemProxy */ = {
			isa = PBXContainerItemProxy;
			containerPortal = CCF1E95B2DB6E9F900DCDE85 /* Project object */;
			proxyType = 1;
			remoteGlobalIDString = CCF1E9622DB6E9F900DCDE85;
			remoteInfo = PersonalBudgetManager;
		};
/* End PBXContainerItemProxy section */

/* Begin PBXFileReference section */
		CCF1E9632DB6E9F900DCDE85 /* PersonalBudgetManager.app */ = {isa = PBXFileReference; explicitFileType = wrapper.application; includeInIndex = 0; path = PersonalBudgetManager.app; sourceTree = BUILT_PRODUCTS_DIR; };
		CCF1E9702DB6E9FA00DCDE85 /* PersonalBudgetManagerTests.xctest */ = {isa = PBXFileReference; explicitFileType = wrapper.cfbundle; includeInIndex = 0; path = PersonalBudgetManagerTests.xctest; sourceTree = BUILT_PRODUCTS_DIR; };
		CCF1E97A2DB6E9FA00DCDE85 /* PersonalBudgetManagerUITests.xctest */ = {isa = PBXFileReference; explicitFileType = wrapper.cfbundle; includeInIndex = 0; path = PersonalBudgetManagerUITests.xctest; sourceTree = BUILT_PRODUCTS_DIR; };
/* End PBXFileReference section */

/* Begin PBXFileSystemSynchronizedBuildFileExceptionSet section */
		4E0205BE2DCA032700E0C4C5 /* Exceptions for "PersonalBudgetManager" folder in "PersonalBudgetManager" target */ = {
			isa = PBXFileSystemSynchronizedBuildFileExceptionSet;
			membershipExceptions = (
				Assets.xcassets,
				Models/CoreData/ApplicationDataModel.xcdatamodeld,
				Models/Supportive/BudgetData.swift,
				Models/Supportive/Currency.swift,
				Models/Supportive/ExpenseData.swift,
				Models/Supportive/IncomeData.swift,
				Models/Supportive/IncomeExpenseData.swift,
				PersonalBudgetManagerApp.swift,
				Resources/currencies.json,
				Services/PersistenceController.swift,
				Services/SettingsManager.swift,
				ViewModels/AssetsViewModel.swift,
				ViewModels/CategoryViewModel.swift,
				ViewModels/ReminderViewModel.swift,
				ViewModels/TransactionViewModel.swift,
				Views/AddTransactionView.swift,
				Views/AnalyticsView.swift,
				Views/ContentView.swift,
				Views/CreateCategoryView.swift,
				Views/CreateRemindersView.swift,
				Views/Dashboard.swift,
				Views/DisplayAllTransactionsView.swift,
				Views/DisplayReminderDetailsView.swift,
				Views/EditTransactionView.swift,
				Views/ForgotPasswordView.swift,
				Views/InitialView.swift,
				Views/ProgressBar.swift,
				Views/ReminderRow.swift,
				Views/RemindersView.swift,
				Views/SetBudgetView.swift,
				Views/SettingsView.swift,
				Views/SignView.swift,
				Views/TransactionRow.swift,
			);
			target = CCF1E9622DB6E9F900DCDE85 /* PersonalBudgetManager */;
		};
		4E0205C02DCA032700E0C4C5 /* Exceptions for "PersonalBudgetManager" folder in "PersonalBudgetManagerUITests" target */ = {
			isa = PBXFileSystemSynchronizedBuildFileExceptionSet;
			membershipExceptions = (
				Assets.xcassets,
				Models/CoreData/ApplicationDataModel.xcdatamodeld,
				Models/Supportive/BudgetData.swift,
				Models/Supportive/Currency.swift,
				Models/Supportive/ExpenseData.swift,
				Models/Supportive/IncomeData.swift,
				Models/Supportive/IncomeExpenseData.swift,
				PersonalBudgetManagerApp.swift,
				Resources/currencies.json,
				Services/PersistenceController.swift,
				Services/SettingsManager.swift,
				ViewModels/AssetsViewModel.swift,
				ViewModels/CategoryViewModel.swift,
				ViewModels/ReminderViewModel.swift,
				ViewModels/TransactionViewModel.swift,
				Views/AddTransactionView.swift,
				Views/AnalyticsView.swift,
				Views/ContentView.swift,
				Views/CreateCategoryView.swift,
				Views/CreateRemindersView.swift,
				Views/Dashboard.swift,
				Views/DisplayAllTransactionsView.swift,
				Views/DisplayReminderDetailsView.swift,
				Views/EditTransactionView.swift,
				Views/ForgotPasswordView.swift,
				Views/InitialView.swift,
				Views/ProgressBar.swift,
				Views/ReminderRow.swift,
				Views/RemindersView.swift,
				Views/SetBudgetView.swift,
				Views/SettingsView.swift,
				Views/SignView.swift,
				Views/TransactionRow.swift,
			);
			target = CCF1E9792DB6E9FA00DCDE85 /* PersonalBudgetManagerUITests */;
		};
/* End PBXFileSystemSynchronizedBuildFileExceptionSet section */

/* Begin PBXFileSystemSynchronizedRootGroup section */
		4E0205A32DCA032700E0C4C5 /* PersonalBudgetManager */ = {
			isa = PBXFileSystemSynchronizedRootGroup;
			exceptions = (
				4E0205BE2DCA032700E0C4C5 /* Exceptions for "PersonalBudgetManager" folder in "PersonalBudgetManager" target */,
				4E0205C02DCA032700E0C4C5 /* Exceptions for "PersonalBudgetManager" folder in "PersonalBudgetManagerUITests" target */,
			);
			path = PersonalBudgetManager;
			sourceTree = "<group>";
		};
		CCF1E9732DB6E9FA00DCDE85 /* PersonalBudgetManagerTests */ = {
			isa = PBXFileSystemSynchronizedRootGroup;
			path = PersonalBudgetManagerTests;
			sourceTree = "<group>";
		};
		CCF1E97D2DB6E9FA00DCDE85 /* PersonalBudgetManagerUITests */ = {
			isa = PBXFileSystemSynchronizedRootGroup;
			path = PersonalBudgetManagerUITests;
			sourceTree = "<group>";
		};
/* End PBXFileSystemSynchronizedRootGroup section */

/* Begin PBXFrameworksBuildPhase section */
		CCF1E9602DB6E9F900DCDE85 /* Frameworks */ = {
			isa = PBXFrameworksBuildPhase;
			buildActionMask = 2147483647;
			files = (
			);
			runOnlyForDeploymentPostprocessing = 0;
		};
		CCF1E96D2DB6E9FA00DCDE85 /* Frameworks */ = {
			isa = PBXFrameworksBuildPhase;
			buildActionMask = 2147483647;
			files = (
			);
			runOnlyForDeploymentPostprocessing = 0;
		};
		CCF1E9772DB6E9FA00DCDE85 /* Frameworks */ = {
			isa = PBXFrameworksBuildPhase;
			buildActionMask = 2147483647;
			files = (
			);
			runOnlyForDeploymentPostprocessing = 0;
		};
/* End PBXFrameworksBuildPhase section */

/* Begin PBXGroup section */
		CCF1E95A2DB6E9F900DCDE85 = {
			isa = PBXGroup;
			children = (
				4E0205A32DCA032700E0C4C5 /* PersonalBudgetManager */,
				CCF1E9732DB6E9FA00DCDE85 /* PersonalBudgetManagerTests */,
				CCF1E97D2DB6E9FA00DCDE85 /* PersonalBudgetManagerUITests */,
				CCF1E9642DB6E9F900DCDE85 /* Products */,
			);
			sourceTree = "<group>";
		};
		CCF1E9642DB6E9F900DCDE85 /* Products */ = {
			isa = PBXGroup;
			children = (
				CCF1E9632DB6E9F900DCDE85 /* PersonalBudgetManager.app */,
				CCF1E9702DB6E9FA00DCDE85 /* PersonalBudgetManagerTests.xctest */,
				CCF1E97A2DB6E9FA00DCDE85 /* PersonalBudgetManagerUITests.xctest */,
			);
			name = Products;
			sourceTree = "<group>";
		};
/* End PBXGroup section */

/* Begin PBXNativeTarget section */
		CCF1E9622DB6E9F900DCDE85 /* PersonalBudgetManager */ = {
			isa = PBXNativeTarget;
			buildConfigurationList = CCF1E9842DB6E9FA00DCDE85 /* Build configuration list for PBXNativeTarget "PersonalBudgetManager" */;
			buildPhases = (
				CCF1E95F2DB6E9F900DCDE85 /* Sources */,
				CCF1E9602DB6E9F900DCDE85 /* Frameworks */,
				CCF1E9612DB6E9F900DCDE85 /* Resources */,
			);
			buildRules = (
			);
			dependencies = (
			);
			name = PersonalBudgetManager;
			packageProductDependencies = (
			);
			productName = PersonalBudgetManager;
			productReference = CCF1E9632DB6E9F900DCDE85 /* PersonalBudgetManager.app */;
			productType = "com.apple.product-type.application";
		};
		CCF1E96F2DB6E9FA00DCDE85 /* PersonalBudgetManagerTests */ = {
			isa = PBXNativeTarget;
			buildConfigurationList = CCF1E9872DB6E9FA00DCDE85 /* Build configuration list for PBXNativeTarget "PersonalBudgetManagerTests" */;
			buildPhases = (
				CCF1E96C2DB6E9FA00DCDE85 /* Sources */,
				CCF1E96D2DB6E9FA00DCDE85 /* Frameworks */,
				CCF1E96E2DB6E9FA00DCDE85 /* Resources */,
			);
			buildRules = (
			);
			dependencies = (
				CCF1E9722DB6E9FA00DCDE85 /* PBXTargetDependency */,
			);
			fileSystemSynchronizedGroups = (
				CCF1E9732DB6E9FA00DCDE85 /* PersonalBudgetManagerTests */,
			);
			name = PersonalBudgetManagerTests;
			packageProductDependencies = (
			);
			productName = PersonalBudgetManagerTests;
			productReference = CCF1E9702DB6E9FA00DCDE85 /* PersonalBudgetManagerTests.xctest */;
			productType = "com.apple.product-type.bundle.unit-test";
		};
		CCF1E9792DB6E9FA00DCDE85 /* PersonalBudgetManagerUITests */ = {
			isa = PBXNativeTarget;
			buildConfigurationList = CCF1E98A2DB6E9FA00DCDE85 /* Build configuration list for PBXNativeTarget "PersonalBudgetManagerUITests" */;
			buildPhases = (
				CCF1E9762DB6E9FA00DCDE85 /* Sources */,
				CCF1E9772DB6E9FA00DCDE85 /* Frameworks */,
				CCF1E9782DB6E9FA00DCDE85 /* Resources */,
			);
			buildRules = (
			);
			dependencies = (
				CCF1E97C2DB6E9FA00DCDE85 /* PBXTargetDependency */,
			);
			fileSystemSynchronizedGroups = (
				4E0205A32DCA032700E0C4C5 /* PersonalBudgetManager */,
				CCF1E97D2DB6E9FA00DCDE85 /* PersonalBudgetManagerUITests */,
			);
			name = PersonalBudgetManagerUITests;
			packageProductDependencies = (
			);
			productName = PersonalBudgetManagerUITests;
			productReference = CCF1E97A2DB6E9FA00DCDE85 /* PersonalBudgetManagerUITests.xctest */;
			productType = "com.apple.product-type.bundle.ui-testing";
		};
/* End PBXNativeTarget section */

/* Begin PBXProject section */
		CCF1E95B2DB6E9F900DCDE85 /* Project object */ = {
			isa = PBXProject;
			attributes = {
				BuildIndependentTargetsInParallel = 1;
				LastSwiftUpdateCheck = 1630;
				LastUpgradeCheck = 1630;
				TargetAttributes = {
					CCF1E9622DB6E9F900DCDE85 = {
						CreatedOnToolsVersion = 16.3;
					};
					CCF1E96F2DB6E9FA00DCDE85 = {
						CreatedOnToolsVersion = 16.3;
						TestTargetID = CCF1E9622DB6E9F900DCDE85;
					};
					CCF1E9792DB6E9FA00DCDE85 = {
						CreatedOnToolsVersion = 16.3;
						TestTargetID = CCF1E9622DB6E9F900DCDE85;
					};
				};
			};
			buildConfigurationList = CCF1E95E2DB6E9F900DCDE85 /* Build configuration list for PBXProject "PersonalBudgetManager" */;
			developmentRegion = en;
			hasScannedForEncodings = 0;
			knownRegions = (
				en,
				Base,
			);
			mainGroup = CCF1E95A2DB6E9F900DCDE85;
			minimizedProjectReferenceProxies = 1;
			preferredProjectObjectVersion = 77;
			productRefGroup = CCF1E9642DB6E9F900DCDE85 /* Products */;
			projectDirPath = "";
			projectRoot = "";
			targets = (
				CCF1E9622DB6E9F900DCDE85 /* PersonalBudgetManager */,
				CCF1E96F2DB6E9FA00DCDE85 /* PersonalBudgetManagerTests */,
				CCF1E9792DB6E9FA00DCDE85 /* PersonalBudgetManagerUITests */,
			);
		};
/* End PBXProject section */

/* Begin PBXResourcesBuildPhase section */
		CCF1E9612DB6E9F900DCDE85 /* Resources */ = {
			isa = PBXResourcesBuildPhase;
			buildActionMask = 2147483647;
			files = (
			);
			runOnlyForDeploymentPostprocessing = 0;
		};
		CCF1E96E2DB6E9FA00DCDE85 /* Resources */ = {
			isa = PBXResourcesBuildPhase;
			buildActionMask = 2147483647;
			files = (
			);
			runOnlyForDeploymentPostprocessing = 0;
		};
		CCF1E9782DB6E9FA00DCDE85 /* Resources */ = {
			isa = PBXResourcesBuildPhase;
			buildActionMask = 2147483647;
			files = (
			);
			runOnlyForDeploymentPostprocessing = 0;
		};
/* End PBXResourcesBuildPhase section */

/* Begin PBXSourcesBuildPhase section */
		CCF1E95F2DB6E9F900DCDE85 /* Sources */ = {
			isa = PBXSourcesBuildPhase;
			buildActionMask = 2147483647;
			files = (
			);
			runOnlyForDeploymentPostprocessing = 0;
		};
		CCF1E96C2DB6E9FA00DCDE85 /* Sources */ = {
			isa = PBXSourcesBuildPhase;
			buildActionMask = 2147483647;
			files = (
			);
			runOnlyForDeploymentPostprocessing = 0;
		};
		CCF1E9762DB6E9FA00DCDE85 /* Sources */ = {
			isa = PBXSourcesBuildPhase;
			buildActionMask = 2147483647;
			files = (
			);
			runOnlyForDeploymentPostprocessing = 0;
		};
/* End PBXSourcesBuildPhase section */

/* Begin PBXTargetDependency section */
		CCF1E9722DB6E9FA00DCDE85 /* PBXTargetDependency */ = {
			isa = PBXTargetDependency;
			target = CCF1E9622DB6E9F900DCDE85 /* PersonalBudgetManager */;
			targetProxy = CCF1E9712DB6E9FA00DCDE85 /* PBXContainerItemProxy */;
		};
		CCF1E97C2DB6E9FA00DCDE85 /* PBXTargetDependency */ = {
			isa = PBXTargetDependency;
			target = CCF1E9622DB6E9F900DCDE85 /* PersonalBudgetManager */;
			targetProxy = CCF1E97B2DB6E9FA00DCDE85 /* PBXContainerItemProxy */;
		};
/* End PBXTargetDependency section */

/* Begin XCBuildConfiguration section */
		CCF1E9822DB6E9FA00DCDE85 /* Debug */ = {
			isa = XCBuildConfiguration;
			buildSettings = {
				ALWAYS_SEARCH_USER_PATHS = NO;
				ASSETCATALOG_COMPILER_GENERATE_SWIFT_ASSET_SYMBOL_EXTENSIONS = YES;
				CLANG_ANALYZER_NONNULL = YES;
				CLANG_ANALYZER_NUMBER_OBJECT_CONVERSION = YES_AGGRESSIVE;
				CLANG_CXX_LANGUAGE_STANDARD = "gnu++20";
				CLANG_ENABLE_MODULES = YES;
				CLANG_ENABLE_OBJC_ARC = YES;
				CLANG_ENABLE_OBJC_WEAK = YES;
				CLANG_WARN_BLOCK_CAPTURE_AUTORELEASING = YES;
				CLANG_WARN_BOOL_CONVERSION = YES;
				CLANG_WARN_COMMA = YES;
				CLANG_WARN_CONSTANT_CONVERSION = YES;
				CLANG_WARN_DEPRECATED_OBJC_IMPLEMENTATIONS = YES;
				CLANG_WARN_DIRECT_OBJC_ISA_USAGE = YES_ERROR;
				CLANG_WARN_DOCUMENTATION_COMMENTS = YES;
				CLANG_WARN_EMPTY_BODY = YES;
				CLANG_WARN_ENUM_CONVERSION = YES;
				CLANG_WARN_INFINITE_RECURSION = YES;
				CLANG_WARN_INT_CONVERSION = YES;
				CLANG_WARN_NON_LITERAL_NULL_CONVERSION = YES;
				CLANG_WARN_OBJC_IMPLICIT_RETAIN_SELF = YES;
				CLANG_WARN_OBJC_LITERAL_CONVERSION = YES;
				CLANG_WARN_OBJC_ROOT_CLASS = YES_ERROR;
				CLANG_WARN_QUOTED_INCLUDE_IN_FRAMEWORK_HEADER = YES;
				CLANG_WARN_RANGE_LOOP_ANALYSIS = YES;
				CLANG_WARN_STRICT_PROTOTYPES = YES;
				CLANG_WARN_SUSPICIOUS_MOVE = YES;
				CLANG_WARN_UNGUARDED_AVAILABILITY = YES_AGGRESSIVE;
				CLANG_WARN_UNREACHABLE_CODE = YES;
				CLANG_WARN__DUPLICATE_METHOD_MATCH = YES;
				COPY_PHASE_STRIP = NO;
				DEBUG_INFORMATION_FORMAT = dwarf;
				ENABLE_STRICT_OBJC_MSGSEND = YES;
				ENABLE_TESTABILITY = YES;
				ENABLE_USER_SCRIPT_SANDBOXING = YES;
				GCC_C_LANGUAGE_STANDARD = gnu17;
				GCC_DYNAMIC_NO_PIC = NO;
				GCC_NO_COMMON_BLOCKS = YES;
				GCC_OPTIMIZATION_LEVEL = 0;
				GCC_PREPROCESSOR_DEFINITIONS = (
					"DEBUG=1",
					"$(inherited)",
				);
				GCC_WARN_64_TO_32_BIT_CONVERSION = YES;
				GCC_WARN_ABOUT_RETURN_TYPE = YES_ERROR;
				GCC_WARN_UNDECLARED_SELECTOR = YES;
				GCC_WARN_UNINITIALIZED_AUTOS = YES_AGGRESSIVE;
				GCC_WARN_UNUSED_FUNCTION = YES;
				GCC_WARN_UNUSED_VARIABLE = YES;
				IPHONEOS_DEPLOYMENT_TARGET = 18.4;
				LOCALIZATION_PREFERS_STRING_CATALOGS = YES;
				MTL_ENABLE_DEBUG_INFO = INCLUDE_SOURCE;
				MTL_FAST_MATH = YES;
				ONLY_ACTIVE_ARCH = YES;
				SDKROOT = iphoneos;
				SWIFT_ACTIVE_COMPILATION_CONDITIONS = "DEBUG $(inherited)";
				SWIFT_OPTIMIZATION_LEVEL = "-Onone";
			};
			name = Debug;
		};
		CCF1E9832DB6E9FA00DCDE85 /* Release */ = {
			isa = XCBuildConfiguration;
			buildSettings = {
				ALWAYS_SEARCH_USER_PATHS = NO;
				ASSETCATALOG_COMPILER_GENERATE_SWIFT_ASSET_SYMBOL_EXTENSIONS = YES;
				CLANG_ANALYZER_NONNULL = YES;
				CLANG_ANALYZER_NUMBER_OBJECT_CONVERSION = YES_AGGRESSIVE;
				CLANG_CXX_LANGUAGE_STANDARD = "gnu++20";
				CLANG_ENABLE_MODULES = YES;
				CLANG_ENABLE_OBJC_ARC = YES;
				CLANG_ENABLE_OBJC_WEAK = YES;
				CLANG_WARN_BLOCK_CAPTURE_AUTORELEASING = YES;
				CLANG_WARN_BOOL_CONVERSION = YES;
				CLANG_WARN_COMMA = YES;
				CLANG_WARN_CONSTANT_CONVERSION = YES;
				CLANG_WARN_DEPRECATED_OBJC_IMPLEMENTATIONS = YES;
				CLANG_WARN_DIRECT_OBJC_ISA_USAGE = YES_ERROR;
				CLANG_WARN_DOCUMENTATION_COMMENTS = YES;
				CLANG_WARN_EMPTY_BODY = YES;
				CLANG_WARN_ENUM_CONVERSION = YES;
				CLANG_WARN_INFINITE_RECURSION = YES;
				CLANG_WARN_INT_CONVERSION = YES;
				CLANG_WARN_NON_LITERAL_NULL_CONVERSION = YES;
				CLANG_WARN_OBJC_IMPLICIT_RETAIN_SELF = YES;
				CLANG_WARN_OBJC_LITERAL_CONVERSION = YES;
				CLANG_WARN_OBJC_ROOT_CLASS = YES_ERROR;
				CLANG_WARN_QUOTED_INCLUDE_IN_FRAMEWORK_HEADER = YES;
				CLANG_WARN_RANGE_LOOP_ANALYSIS = YES;
				CLANG_WARN_STRICT_PROTOTYPES = YES;
				CLANG_WARN_SUSPICIOUS_MOVE = YES;
				CLANG_WARN_UNGUARDED_AVAILABILITY = YES_AGGRESSIVE;
				CLANG_WARN_UNREACHABLE_CODE = YES;
				CLANG_WARN__DUPLICATE_METHOD_MATCH = YES;
				COPY_PHASE_STRIP = NO;
				DEBUG_INFORMATION_FORMAT = "dwarf-with-dsym";
				ENABLE_NS_ASSERTIONS = NO;
				ENABLE_STRICT_OBJC_MSGSEND = YES;
				ENABLE_USER_SCRIPT_SANDBOXING = YES;
				GCC_C_LANGUAGE_STANDARD = gnu17;
				GCC_NO_COMMON_BLOCKS = YES;
				GCC_WARN_64_TO_32_BIT_CONVERSION = YES;
				GCC_WARN_ABOUT_RETURN_TYPE = YES_ERROR;
				GCC_WARN_UNDECLARED_SELECTOR = YES;
				GCC_WARN_UNINITIALIZED_AUTOS = YES_AGGRESSIVE;
				GCC_WARN_UNUSED_FUNCTION = YES;
				GCC_WARN_UNUSED_VARIABLE = YES;
				IPHONEOS_DEPLOYMENT_TARGET = 18.4;
				LOCALIZATION_PREFERS_STRING_CATALOGS = YES;
				MTL_ENABLE_DEBUG_INFO = NO;
				MTL_FAST_MATH = YES;
				SDKROOT = iphoneos;
				SWIFT_COMPILATION_MODE = wholemodule;
				VALIDATE_PRODUCT = YES;
			};
			name = Release;
		};
		CCF1E9852DB6E9FA00DCDE85 /* Debug */ = {
			isa = XCBuildConfiguration;
			buildSettings = {
				ASSETCATALOG_COMPILER_APPICON_NAME = AppIcon;
				ASSETCATALOG_COMPILER_GLOBAL_ACCENT_COLOR_NAME = AccentColor;
				CODE_SIGN_STYLE = Automatic;
				CURRENT_PROJECT_VERSION = 1;
				ENABLE_PREVIEWS = YES;
				GENERATE_INFOPLIST_FILE = YES;
				INFOPLIST_KEY_UIApplicationSceneManifest_Generation = YES;
				INFOPLIST_KEY_UIApplicationSupportsIndirectInputEvents = YES;
				INFOPLIST_KEY_UILaunchScreen_Generation = YES;
				INFOPLIST_KEY_UISupportedInterfaceOrientations_iPad = "UIInterfaceOrientationPortrait UIInterfaceOrientationPortraitUpsideDown UIInterfaceOrientationLandscapeLeft UIInterfaceOrientationLandscapeRight";
				INFOPLIST_KEY_UISupportedInterfaceOrientations_iPhone = "UIInterfaceOrientationPortrait UIInterfaceOrientationLandscapeLeft UIInterfaceOrientationLandscapeRight";
				LD_RUNPATH_SEARCH_PATHS = (
					"$(inherited)",
					"@executable_path/Frameworks",
				);
				MARKETING_VERSION = 1.0;
				PRODUCT_BUNDLE_IDENTIFIER = com.tj.PersonalBudgetManager;
				PRODUCT_NAME = "$(TARGET_NAME)";
				SWIFT_EMIT_LOC_STRINGS = YES;
				SWIFT_VERSION = 5.0;
				TARGETED_DEVICE_FAMILY = "1,2";
			};
			name = Debug;
		};
		CCF1E9862DB6E9FA00DCDE85 /* Release */ = {
			isa = XCBuildConfiguration;
			buildSettings = {
				ASSETCATALOG_COMPILER_APPICON_NAME = AppIcon;
				ASSETCATALOG_COMPILER_GLOBAL_ACCENT_COLOR_NAME = AccentColor;
				CODE_SIGN_STYLE = Automatic;
				CURRENT_PROJECT_VERSION = 1;
				ENABLE_PREVIEWS = YES;
				GENERATE_INFOPLIST_FILE = YES;
				INFOPLIST_KEY_UIApplicationSceneManifest_Generation = YES;
				INFOPLIST_KEY_UIApplicationSupportsIndirectInputEvents = YES;
				INFOPLIST_KEY_UILaunchScreen_Generation = YES;
				INFOPLIST_KEY_UISupportedInterfaceOrientations_iPad = "UIInterfaceOrientationPortrait UIInterfaceOrientationPortraitUpsideDown UIInterfaceOrientationLandscapeLeft UIInterfaceOrientationLandscapeRight";
				INFOPLIST_KEY_UISupportedInterfaceOrientations_iPhone = "UIInterfaceOrientationPortrait UIInterfaceOrientationLandscapeLeft UIInterfaceOrientationLandscapeRight";
				LD_RUNPATH_SEARCH_PATHS = (
					"$(inherited)",
					"@executable_path/Frameworks",
				);
				MARKETING_VERSION = 1.0;
				PRODUCT_BUNDLE_IDENTIFIER = com.tj.PersonalBudgetManager;
				PRODUCT_NAME = "$(TARGET_NAME)";
				SWIFT_EMIT_LOC_STRINGS = YES;
				SWIFT_VERSION = 5.0;
				TARGETED_DEVICE_FAMILY = "1,2";
			};
			name = Release;
		};
		CCF1E9882DB6E9FA00DCDE85 /* Debug */ = {
			isa = XCBuildConfiguration;
			buildSettings = {
				BUNDLE_LOADER = "$(TEST_HOST)";
				CODE_SIGN_STYLE = Automatic;
				CURRENT_PROJECT_VERSION = 1;
				GENERATE_INFOPLIST_FILE = YES;
				IPHONEOS_DEPLOYMENT_TARGET = 18.4;
				MARKETING_VERSION = 1.0;
				PRODUCT_BUNDLE_IDENTIFIER = com.tj.PersonalBudgetManagerTests;
				PRODUCT_NAME = "$(TARGET_NAME)";
				SWIFT_EMIT_LOC_STRINGS = NO;
				SWIFT_VERSION = 5.0;
				TARGETED_DEVICE_FAMILY = "1,2";
				TEST_HOST = "$(BUILT_PRODUCTS_DIR)/PersonalBudgetManager.app/$(BUNDLE_EXECUTABLE_FOLDER_PATH)/PersonalBudgetManager";
			};
			name = Debug;
		};
		CCF1E9892DB6E9FA00DCDE85 /* Release */ = {
			isa = XCBuildConfiguration;
			buildSettings = {
				BUNDLE_LOADER = "$(TEST_HOST)";
				CODE_SIGN_STYLE = Automatic;
				CURRENT_PROJECT_VERSION = 1;
				GENERATE_INFOPLIST_FILE = YES;
				IPHONEOS_DEPLOYMENT_TARGET = 18.4;
				MARKETING_VERSION = 1.0;
				PRODUCT_BUNDLE_IDENTIFIER = com.tj.PersonalBudgetManagerTests;
				PRODUCT_NAME = "$(TARGET_NAME)";
				SWIFT_EMIT_LOC_STRINGS = NO;
				SWIFT_VERSION = 5.0;
				TARGETED_DEVICE_FAMILY = "1,2";
				TEST_HOST = "$(BUILT_PRODUCTS_DIR)/PersonalBudgetManager.app/$(BUNDLE_EXECUTABLE_FOLDER_PATH)/PersonalBudgetManager";
			};
			name = Release;
		};
		CCF1E98B2DB6E9FA00DCDE85 /* Debug */ = {
			isa = XCBuildConfiguration;
			buildSettings = {
				CODE_SIGN_STYLE = Automatic;
				CURRENT_PROJECT_VERSION = 1;
				GENERATE_INFOPLIST_FILE = YES;
				MARKETING_VERSION = 1.0;
				PRODUCT_BUNDLE_IDENTIFIER = com.tj.PersonalBudgetManagerUITests;
				PRODUCT_NAME = "$(TARGET_NAME)";
				SWIFT_EMIT_LOC_STRINGS = NO;
				SWIFT_VERSION = 5.0;
				TARGETED_DEVICE_FAMILY = "1,2";
				TEST_TARGET_NAME = PersonalBudgetManager;
			};
			name = Debug;
		};
		CCF1E98C2DB6E9FA00DCDE85 /* Release */ = {
			isa = XCBuildConfiguration;
			buildSettings = {
				CODE_SIGN_STYLE = Automatic;
				CURRENT_PROJECT_VERSION = 1;
				GENERATE_INFOPLIST_FILE = YES;
				MARKETING_VERSION = 1.0;
				PRODUCT_BUNDLE_IDENTIFIER = com.tj.PersonalBudgetManagerUITests;
				PRODUCT_NAME = "$(TARGET_NAME)";
				SWIFT_EMIT_LOC_STRINGS = NO;
				SWIFT_VERSION = 5.0;
				TARGETED_DEVICE_FAMILY = "1,2";
				TEST_TARGET_NAME = PersonalBudgetManager;
			};
			name = Release;
		};
/* End XCBuildConfiguration section */

/* Begin XCConfigurationList section */
		CCF1E95E2DB6E9F900DCDE85 /* Build configuration list for PBXProject "PersonalBudgetManager" */ = {
			isa = XCConfigurationList;
			buildConfigurations = (
				CCF1E9822DB6E9FA00DCDE85 /* Debug */,
				CCF1E9832DB6E9FA00DCDE85 /* Release */,
			);
			defaultConfigurationIsVisible = 0;
			defaultConfigurationName = Release;
		};
		CCF1E9842DB6E9FA00DCDE85 /* Build configuration list for PBXNativeTarget "PersonalBudgetManager" */ = {
			isa = XCConfigurationList;
			buildConfigurations = (
				CCF1E9852DB6E9FA00DCDE85 /* Debug */,
				CCF1E9862DB6E9FA00DCDE85 /* Release */,
			);
			defaultConfigurationIsVisible = 0;
			defaultConfigurationName = Release;
		};
		CCF1E9872DB6E9FA00DCDE85 /* Build configuration list for PBXNativeTarget "PersonalBudgetManagerTests" */ = {
			isa = XCConfigurationList;
			buildConfigurations = (
				CCF1E9882DB6E9FA00DCDE85 /* Debug */,
				CCF1E9892DB6E9FA00DCDE85 /* Release */,
			);
			defaultConfigurationIsVisible = 0;
			defaultConfigurationName = Release;
		};
		CCF1E98A2DB6E9FA00DCDE85 /* Build configuration list for PBXNativeTarget "PersonalBudgetManagerUITests" */ = {
			isa = XCConfigurationList;
			buildConfigurations = (
				CCF1E98B2DB6E9FA00DCDE85 /* Debug */,
				CCF1E98C2DB6E9FA00DCDE85 /* Release */,
			);
			defaultConfigurationIsVisible = 0;
			defaultConfigurationName = Release;
		};
/* End XCConfigurationList section */
	};
	rootObject = CCF1E95B2DB6E9F900DCDE85 /* Project object */;
}
